// !$*UTF8*$!
{
	archiveVersion = 1;
	classes = {
	};
	objectVersion = 46;
	objects = {

/* Begin PBXBuildFile section */
		562F04EC1ED792120082E06F /* TermsAndConditionsViewController.swift in Sources */ = {isa = PBXBuildFile; fileRef = 562F04EB1ED792120082E06F /* TermsAndConditionsViewController.swift */; };
		56DDC62F1ED4B33300B1CA10 /* AppDelegate.swift in Sources */ = {isa = PBXBuildFile; fileRef = 56DDC62E1ED4B33300B1CA10 /* AppDelegate.swift */; };
		56DDC6311ED4B33300B1CA10 /* ViewController.swift in Sources */ = {isa = PBXBuildFile; fileRef = 56DDC6301ED4B33300B1CA10 /* ViewController.swift */; };
		56DDC6341ED4B33300B1CA10 /* Main.storyboard in Resources */ = {isa = PBXBuildFile; fileRef = 56DDC6321ED4B33300B1CA10 /* Main.storyboard */; };
		56DDC6361ED4B33300B1CA10 /* Assets.xcassets in Resources */ = {isa = PBXBuildFile; fileRef = 56DDC6351ED4B33300B1CA10 /* Assets.xcassets */; };
		56DDC6391ED4B33300B1CA10 /* LaunchScreen.storyboard in Resources */ = {isa = PBXBuildFile; fileRef = 56DDC6371ED4B33300B1CA10 /* LaunchScreen.storyboard */; };
		9D156DDC1ED50C0F00C02337 /* MapViewController.swift in Sources */ = {isa = PBXBuildFile; fileRef = 9D156DDB1ED50C0F00C02337 /* MapViewController.swift */; };
		9D156DDE1ED5106500C02337 /* CityInputViewController.swift in Sources */ = {isa = PBXBuildFile; fileRef = 9D156DDD1ED5106500C02337 /* CityInputViewController.swift */; };
		9D156DE01ED5125700C02337 /* DatePickerViewController.swift in Sources */ = {isa = PBXBuildFile; fileRef = 9D156DDF1ED5125700C02337 /* DatePickerViewController.swift */; };
		D9EA2053E236927BE713CD32 /* Pods_ConcertFindr.framework in Frameworks */ = {isa = PBXBuildFile; fileRef = 6A19B24A5B825A136C1BB1BB /* Pods_ConcertFindr.framework */; };
/* End PBXBuildFile section */

/* Begin PBXFileReference section */
		294655F883B5B37D136C1217 /* Pods-ConcertFindr.debug.xcconfig */ = {isa = PBXFileReference; includeInIndex = 1; lastKnownFileType = text.xcconfig; name = "Pods-ConcertFindr.debug.xcconfig"; path = "Pods/Target Support Files/Pods-ConcertFindr/Pods-ConcertFindr.debug.xcconfig"; sourceTree = "<group>"; };
		562F04EB1ED792120082E06F /* TermsAndConditionsViewController.swift */ = {isa = PBXFileReference; fileEncoding = 4; lastKnownFileType = sourcecode.swift; path = TermsAndConditionsViewController.swift; sourceTree = "<group>"; };
		56DDC62B1ED4B33300B1CA10 /* ConcertFindr.app */ = {isa = PBXFileReference; explicitFileType = wrapper.application; includeInIndex = 0; path = ConcertFindr.app; sourceTree = BUILT_PRODUCTS_DIR; };
		56DDC62E1ED4B33300B1CA10 /* AppDelegate.swift */ = {isa = PBXFileReference; lastKnownFileType = sourcecode.swift; path = AppDelegate.swift; sourceTree = "<group>"; };
		56DDC6301ED4B33300B1CA10 /* ViewController.swift */ = {isa = PBXFileReference; lastKnownFileType = sourcecode.swift; path = ViewController.swift; sourceTree = "<group>"; };
		56DDC6331ED4B33300B1CA10 /* Base */ = {isa = PBXFileReference; lastKnownFileType = file.storyboard; name = Base; path = Base.lproj/Main.storyboard; sourceTree = "<group>"; };
		56DDC6351ED4B33300B1CA10 /* Assets.xcassets */ = {isa = PBXFileReference; lastKnownFileType = folder.assetcatalog; path = Assets.xcassets; sourceTree = "<group>"; };
		56DDC6381ED4B33300B1CA10 /* Base */ = {isa = PBXFileReference; lastKnownFileType = file.storyboard; name = Base; path = Base.lproj/LaunchScreen.storyboard; sourceTree = "<group>"; };
		56DDC63A1ED4B33300B1CA10 /* Info.plist */ = {isa = PBXFileReference; lastKnownFileType = text.plist.xml; path = Info.plist; sourceTree = "<group>"; };
		6A19B24A5B825A136C1BB1BB /* Pods_ConcertFindr.framework */ = {isa = PBXFileReference; explicitFileType = wrapper.framework; includeInIndex = 0; path = Pods_ConcertFindr.framework; sourceTree = BUILT_PRODUCTS_DIR; };
		9D156DDB1ED50C0F00C02337 /* MapViewController.swift */ = {isa = PBXFileReference; fileEncoding = 4; lastKnownFileType = sourcecode.swift; path = MapViewController.swift; sourceTree = "<group>"; };
		9D156DDD1ED5106500C02337 /* CityInputViewController.swift */ = {isa = PBXFileReference; fileEncoding = 4; lastKnownFileType = sourcecode.swift; path = CityInputViewController.swift; sourceTree = "<group>"; };
		9D156DDF1ED5125700C02337 /* DatePickerViewController.swift */ = {isa = PBXFileReference; fileEncoding = 4; lastKnownFileType = sourcecode.swift; path = DatePickerViewController.swift; sourceTree = "<group>"; };
		B48670961D4D078A04F77AA2 /* Pods-ConcertFindr.release.xcconfig */ = {isa = PBXFileReference; includeInIndex = 1; lastKnownFileType = text.xcconfig; name = "Pods-ConcertFindr.release.xcconfig"; path = "Pods/Target Support Files/Pods-ConcertFindr/Pods-ConcertFindr.release.xcconfig"; sourceTree = "<group>"; };
/* End PBXFileReference section */

/* Begin PBXFrameworksBuildPhase section */
		56DDC6281ED4B33300B1CA10 /* Frameworks */ = {
			isa = PBXFrameworksBuildPhase;
			buildActionMask = 2147483647;
			files = (
				D9EA2053E236927BE713CD32 /* Pods_ConcertFindr.framework in Frameworks */,
			);
			runOnlyForDeploymentPostprocessing = 0;
		};
/* End PBXFrameworksBuildPhase section */

/* Begin PBXGroup section */
		2831F3743A56B4D1A6F3360B /* Pods */ = {
			isa = PBXGroup;
			children = (
				294655F883B5B37D136C1217 /* Pods-ConcertFindr.debug.xcconfig */,
				B48670961D4D078A04F77AA2 /* Pods-ConcertFindr.release.xcconfig */,
			);
			name = Pods;
			sourceTree = "<group>";
		};
		56DDC6221ED4B33300B1CA10 = {
			isa = PBXGroup;
			children = (
				56DDC62D1ED4B33300B1CA10 /* ConcertFindr */,
				56DDC62C1ED4B33300B1CA10 /* Products */,
				2831F3743A56B4D1A6F3360B /* Pods */,
				FB041C2CBA73666FC413B9E6 /* Frameworks */,
			);
			sourceTree = "<group>";
		};
		56DDC62C1ED4B33300B1CA10 /* Products */ = {
			isa = PBXGroup;
			children = (
				56DDC62B1ED4B33300B1CA10 /* ConcertFindr.app */,
			);
			name = Products;
			sourceTree = "<group>";
		};
		56DDC62D1ED4B33300B1CA10 /* ConcertFindr */ = {
			isa = PBXGroup;
			children = (
				56DDC62E1ED4B33300B1CA10 /* AppDelegate.swift */,
				56DDC6301ED4B33300B1CA10 /* ViewController.swift */,
				56DDC6321ED4B33300B1CA10 /* Main.storyboard */,
				9D156DDF1ED5125700C02337 /* DatePickerViewController.swift */,
				56DDC6351ED4B33300B1CA10 /* Assets.xcassets */,
				56DDC6371ED4B33300B1CA10 /* LaunchScreen.storyboard */,
				56DDC63A1ED4B33300B1CA10 /* Info.plist */,
				9D156DDB1ED50C0F00C02337 /* MapViewController.swift */,
				9D156DDD1ED5106500C02337 /* CityInputViewController.swift */,
				562F04EB1ED792120082E06F /* TermsAndConditionsViewController.swift */,
			);
			path = ConcertFindr;
			sourceTree = "<group>";
		};
		FB041C2CBA73666FC413B9E6 /* Frameworks */ = {
			isa = PBXGroup;
			children = (
				6A19B24A5B825A136C1BB1BB /* Pods_ConcertFindr.framework */,
			);
			name = Frameworks;
			sourceTree = "<group>";
		};
/* End PBXGroup section */

/* Begin PBXNativeTarget section */
		56DDC62A1ED4B33300B1CA10 /* ConcertFindr */ = {
			isa = PBXNativeTarget;
			buildConfigurationList = 56DDC63D1ED4B33300B1CA10 /* Build configuration list for PBXNativeTarget "ConcertFindr" */;
			buildPhases = (
				5CEE1C550DC6EF62D6CDA25C /* [CP] Check Pods Manifest.lock */,
				56DDC6271ED4B33300B1CA10 /* Sources */,
				56DDC6281ED4B33300B1CA10 /* Frameworks */,
				56DDC6291ED4B33300B1CA10 /* Resources */,
				C3986C4B24A527DE2A549785 /* [CP] Embed Pods Frameworks */,
				B792D1133388A2B0EF7F45E6 /* [CP] Copy Pods Resources */,
			);
			buildRules = (
			);
			dependencies = (
			);
			name = ConcertFindr;
			productName = ConcertFindr;
			productReference = 56DDC62B1ED4B33300B1CA10 /* ConcertFindr.app */;
			productType = "com.apple.product-type.application";
		};
/* End PBXNativeTarget section */

/* Begin PBXProject section */
		56DDC6231ED4B33300B1CA10 /* Project object */ = {
			isa = PBXProject;
			attributes = {
				LastSwiftUpdateCheck = 0830;
				LastUpgradeCheck = 0830;
				ORGANIZATIONNAME = "Derek Han";
				TargetAttributes = {
					56DDC62A1ED4B33300B1CA10 = {
						CreatedOnToolsVersion = 8.3.2;
						DevelopmentTeam = 29JSJR2G6U;
						ProvisioningStyle = Automatic;
					};
				};
			};
			buildConfigurationList = 56DDC6261ED4B33300B1CA10 /* Build configuration list for PBXProject "ConcertFindr" */;
			compatibilityVersion = "Xcode 3.2";
			developmentRegion = English;
			hasScannedForEncodings = 0;
			knownRegions = (
				en,
				Base,
			);
			mainGroup = 56DDC6221ED4B33300B1CA10;
			productRefGroup = 56DDC62C1ED4B33300B1CA10 /* Products */;
			projectDirPath = "";
			projectRoot = "";
			targets = (
				56DDC62A1ED4B33300B1CA10 /* ConcertFindr */,
			);
		};
/* End PBXProject section */

/* Begin PBXResourcesBuildPhase section */
		56DDC6291ED4B33300B1CA10 /* Resources */ = {
			isa = PBXResourcesBuildPhase;
			buildActionMask = 2147483647;
			files = (
				56DDC6391ED4B33300B1CA10 /* LaunchScreen.storyboard in Resources */,
				56DDC6361ED4B33300B1CA10 /* Assets.xcassets in Resources */,
				56DDC6341ED4B33300B1CA10 /* Main.storyboard in Resources */,
			);
			runOnlyForDeploymentPostprocessing = 0;
		};
/* End PBXResourcesBuildPhase section */

/* Begin PBXShellScriptBuildPhase section */
		5CEE1C550DC6EF62D6CDA25C /* [CP] Check Pods Manifest.lock */ = {
			isa = PBXShellScriptBuildPhase;
			buildActionMask = 2147483647;
			files = (
			);
			inputPaths = (
			);
			name = "[CP] Check Pods Manifest.lock";
			outputPaths = (
			);
			runOnlyForDeploymentPostprocessing = 0;
			shellPath = /bin/sh;
			shellScript = "diff \"${PODS_PODFILE_DIR_PATH}/Podfile.lock\" \"${PODS_ROOT}/Manifest.lock\" > /dev/null\nif [ $? != 0 ] ; then\n    # print error to STDERR\n    echo \"error: The sandbox is not in sync with the Podfile.lock. Run 'pod install' or update your CocoaPods installation.\" >&2\n    exit 1\nfi\n";
			showEnvVarsInLog = 0;
		};
		B792D1133388A2B0EF7F45E6 /* [CP] Copy Pods Resources */ = {
			isa = PBXShellScriptBuildPhase;
			buildActionMask = 2147483647;
			files = (
			);
			inputPaths = (
			);
			name = "[CP] Copy Pods Resources";
			outputPaths = (
			);
			runOnlyForDeploymentPostprocessing = 0;
			shellPath = /bin/sh;
			shellScript = "\"${SRCROOT}/Pods/Target Support Files/Pods-ConcertFindr/Pods-ConcertFindr-resources.sh\"\n";
			showEnvVarsInLog = 0;
		};
		C3986C4B24A527DE2A549785 /* [CP] Embed Pods Frameworks */ = {
			isa = PBXShellScriptBuildPhase;
			buildActionMask = 2147483647;
			files = (
			);
			inputPaths = (
			);
			name = "[CP] Embed Pods Frameworks";
			outputPaths = (
			);
			runOnlyForDeploymentPostprocessing = 0;
			shellPath = /bin/sh;
			shellScript = "\"${SRCROOT}/Pods/Target Support Files/Pods-ConcertFindr/Pods-ConcertFindr-frameworks.sh\"\n";
			showEnvVarsInLog = 0;
		};
/* End PBXShellScriptBuildPhase section */

/* Begin PBXSourcesBuildPhase section */
		56DDC6271ED4B33300B1CA10 /* Sources */ = {
			isa = PBXSourcesBuildPhase;
			buildActionMask = 2147483647;
			files = (
				9D156DDE1ED5106500C02337 /* CityInputViewController.swift in Sources */,
				9D156DE01ED5125700C02337 /* DatePickerViewController.swift in Sources */,
				562F04EC1ED792120082E06F /* TermsAndConditionsViewController.swift in Sources */,
				56DDC6311ED4B33300B1CA10 /* ViewController.swift in Sources */,
				9D156DDC1ED50C0F00C02337 /* MapViewController.swift in Sources */,
				56DDC62F1ED4B33300B1CA10 /* AppDelegate.swift in Sources */,
			);
			runOnlyForDeploymentPostprocessing = 0;
		};
/* End PBXSourcesBuildPhase section */

/* Begin PBXVariantGroup section */
		56DDC6321ED4B33300B1CA10 /* Main.storyboard */ = {
			isa = PBXVariantGroup;
			children = (
				56DDC6331ED4B33300B1CA10 /* Base */,
			);
			name = Main.storyboard;
			sourceTree = "<group>";
		};
		56DDC6371ED4B33300B1CA10 /* LaunchScreen.storyboard */ = {
			isa = PBXVariantGroup;
			children = (
				56DDC6381ED4B33300B1CA10 /* Base */,
			);
			name = LaunchScreen.storyboard;
			sourceTree = "<group>";
		};
/* End PBXVariantGroup section */

/* Begin XCBuildConfiguration section */
		56DDC63B1ED4B33300B1CA10 /* Debug */ = {
			isa = XCBuildConfiguration;
			buildSettings = {
				ALWAYS_SEARCH_USER_PATHS = NO;
				CLANG_ANALYZER_NONNULL = YES;
				CLANG_ANALYZER_NUMBER_OBJECT_CONVERSION = YES_AGGRESSIVE;
				CLANG_CXX_LANGUAGE_STANDARD = "gnu++0x";
				CLANG_CXX_LIBRARY = "libc++";
				CLANG_ENABLE_MODULES = YES;
				CLANG_ENABLE_OBJC_ARC = YES;
				CLANG_WARN_BOOL_CONVERSION = YES;
				CLANG_WARN_CONSTANT_CONVERSION = YES;
				CLANG_WARN_DIRECT_OBJC_ISA_USAGE = YES_ERROR;
				CLANG_WARN_DOCUMENTATION_COMMENTS = YES;
				CLANG_WARN_EMPTY_BODY = YES;
				CLANG_WARN_ENUM_CONVERSION = YES;
				CLANG_WARN_INFINITE_RECURSION = YES;
				CLANG_WARN_INT_CONVERSION = YES;
				CLANG_WARN_OBJC_ROOT_CLASS = YES_ERROR;
				CLANG_WARN_SUSPICIOUS_MOVE = YES;
				CLANG_WARN_UNREACHABLE_CODE = YES;
				CLANG_WARN__DUPLICATE_METHOD_MATCH = YES;
				"CODE_SIGN_IDENTITY[sdk=iphoneos*]" = "iPhone Developer";
				COPY_PHASE_STRIP = NO;
				DEBUG_INFORMATION_FORMAT = dwarf;
				ENABLE_STRICT_OBJC_MSGSEND = YES;
				ENABLE_TESTABILITY = YES;
				GCC_C_LANGUAGE_STANDARD = gnu99;
				GCC_DYNAMIC_NO_PIC = NO;
				GCC_NO_COMMON_BLOCKS = YES;
				GCC_OPTIMIZATION_LEVEL = 0;
				GCC_PREPROCESSOR_DEFINITIONS = (
					"DEBUG=1",
					"$(inherited)",
				);
				GCC_WARN_64_TO_32_BIT_CONVERSION = YES;
				GCC_WARN_ABOUT_RETURN_TYPE = YES_ERROR;
				GCC_WARN_UNDECLARED_SELECTOR = YES;
				GCC_WARN_UNINITIALIZED_AUTOS = YES_AGGRESSIVE;
				GCC_WARN_UNUSED_FUNCTION = YES;
				GCC_WARN_UNUSED_VARIABLE = YES;
				IPHONEOS_DEPLOYMENT_TARGET = 10.3;
				MTL_ENABLE_DEBUG_INFO = YES;
				ONLY_ACTIVE_ARCH = YES;
				SDKROOT = iphoneos;
				SWIFT_ACTIVE_COMPILATION_CONDITIONS = DEBUG;
				SWIFT_OPTIMIZATION_LEVEL = "-Onone";
				TARGETED_DEVICE_FAMILY = "1,2";
			};
			name = Debug;
		};
		56DDC63C1ED4B33300B1CA10 /* Release */ = {
			isa = XCBuildConfiguration;
			buildSettings = {
				ALWAYS_SEARCH_USER_PATHS = NO;
				CLANG_ANALYZER_NONNULL = YES;
				CLANG_ANALYZER_NUMBER_OBJECT_CONVERSION = YES_AGGRESSIVE;
				CLANG_CXX_LANGUAGE_STANDARD = "gnu++0x";
				CLANG_CXX_LIBRARY = "libc++";
				CLANG_ENABLE_MODULES = YES;
				CLANG_ENABLE_OBJC_ARC = YES;
				CLANG_WARN_BOOL_CONVERSION = YES;
				CLANG_WARN_CONSTANT_CONVERSION = YES;
				CLANG_WARN_DIRECT_OBJC_ISA_USAGE = YES_ERROR;
				CLANG_WARN_DOCUMENTATION_COMMENTS = YES;
				CLANG_WARN_EMPTY_BODY = YES;
				CLANG_WARN_ENUM_CONVERSION = YES;
				CLANG_WARN_INFINITE_RECURSION = YES;
				CLANG_WARN_INT_CONVERSION = YES;
				CLANG_WARN_OBJC_ROOT_CLASS = YES_ERROR;
				CLANG_WARN_SUSPICIOUS_MOVE = YES;
				CLANG_WARN_UNREACHABLE_CODE = YES;
				CLANG_WARN__DUPLICATE_METHOD_MATCH = YES;
				"CODE_SIGN_IDENTITY[sdk=iphoneos*]" = "iPhone Developer";
				COPY_PHASE_STRIP = NO;
				DEBUG_INFORMATION_FORMAT = "dwarf-with-dsym";
				ENABLE_NS_ASSERTIONS = NO;
				ENABLE_STRICT_OBJC_MSGSEND = YES;
				GCC_C_LANGUAGE_STANDARD = gnu99;
				GCC_NO_COMMON_BLOCKS = YES;
				GCC_WARN_64_TO_32_BIT_CONVERSION = YES;
				GCC_WARN_ABOUT_RETURN_TYPE = YES_ERROR;
				GCC_WARN_UNDECLARED_SELECTOR = YES;
				GCC_WARN_UNINITIALIZED_AUTOS = YES_AGGRESSIVE;
				GCC_WARN_UNUSED_FUNCTION = YES;
				GCC_WARN_UNUSED_VARIABLE = YES;
				IPHONEOS_DEPLOYMENT_TARGET = 10.3;
				MTL_ENABLE_DEBUG_INFO = NO;
				SDKROOT = iphoneos;
				SWIFT_OPTIMIZATION_LEVEL = "-Owholemodule";
				TARGETED_DEVICE_FAMILY = "1,2";
				VALIDATE_PRODUCT = YES;
			};
			name = Release;
		};
		56DDC63E1ED4B33300B1CA10 /* Debug */ = {
			isa = XCBuildConfiguration;
			baseConfigurationReference = 294655F883B5B37D136C1217 /* Pods-ConcertFindr.debug.xcconfig */;
			buildSettings = {
				ASSETCATALOG_COMPILER_APPICON_NAME = AppIcon;
				DEVELOPMENT_TEAM = 29JSJR2G6U;
				INFOPLIST_FILE = ConcertFindr/Info.plist;
				LD_RUNPATH_SEARCH_PATHS = "$(inherited) @executable_path/Frameworks";
				PRODUCT_BUNDLE_IDENTIFIER = edu.uw.dhan206.ConcertFindr;
				PRODUCT_NAME = "$(TARGET_NAME)";
				SWIFT_VERSION = 3.0;
			};
			name = Debug;
		};
		56DDC63F1ED4B33300B1CA10 /* Release */ = {
			isa = XCBuildConfiguration;
			baseConfigurationReference = B48670961D4D078A04F77AA2 /* Pods-ConcertFindr.release.xcconfig */;
			buildSettings = {
				ASSETCATALOG_COMPILER_APPICON_NAME = AppIcon;
				DEVELOPMENT_TEAM = 29JSJR2G6U;
				INFOPLIST_FILE = ConcertFindr/Info.plist;
				LD_RUNPATH_SEARCH_PATHS = "$(inherited) @executable_path/Frameworks";
				PRODUCT_BUNDLE_IDENTIFIER = edu.uw.dhan206.ConcertFindr;
				PRODUCT_NAME = "$(TARGET_NAME)";
				SWIFT_VERSION = 3.0;
			};
			name = Release;
		};
/* End XCBuildConfiguration section */

/* Begin XCConfigurationList section */
		56DDC6261ED4B33300B1CA10 /* Build configuration list for PBXProject "ConcertFindr" */ = {
			isa = XCConfigurationList;
			buildConfigurations = (
				56DDC63B1ED4B33300B1CA10 /* Debug */,
				56DDC63C1ED4B33300B1CA10 /* Release */,
			);
			defaultConfigurationIsVisible = 0;
			defaultConfigurationName = Release;
		};
		56DDC63D1ED4B33300B1CA10 /* Build configuration list for PBXNativeTarget "ConcertFindr" */ = {
			isa = XCConfigurationList;
			buildConfigurations = (
				56DDC63E1ED4B33300B1CA10 /* Debug */,
				56DDC63F1ED4B33300B1CA10 /* Release */,
			);
			defaultConfigurationIsVisible = 0;
			defaultConfigurationName = Release;
		};
/* End XCConfigurationList section */
	};
	rootObject = 56DDC6231ED4B33300B1CA10 /* Project object */;
}
